
Microsoft Visual Studio Solution File, Format Version 12.00
# Visual Studio Version 17
VisualStudioVersion = 17.11.35208.52
MinimumVisualStudioVersion = 10.0.40219.1
Project("{9A19103F-16F7-4668-BE54-9A1E7A4F7556}") = "RestfullServiceDemo", "RestfullServiceDemo\RestfullServiceDemo.csproj", "{E7AEA8F8-9632-4D89-B8D7-C2E5B9640099}"
EndProject
Project("{FAE04EC0-301F-11D3-BF4B-00C04F79EFBC}") = "FrontendDemo", "FrontendDemo\FrontendDemo.csproj", "{A3D9A941-F9B8-422C-BC38-0DB86DFCBCCD}"
EndProject
Global
	GlobalSection(SolutionConfigurationPlatforms) = preSolution
		Debug|Any CPU = Debug|Any CPU
		Release|Any CPU = Release|Any CPU
	EndGlobalSection
	GlobalSection(ProjectConfigurationPlatforms) = postSolution
		{E7AEA8F8-9632-4D89-B8D7-C2E5B9640099}.Debug|Any CPU.ActiveCfg = Debug|Any CPU
		{E7AEA8F8-9632-4D89-B8D7-C2E5B9640099}.Debug|Any CPU.Build.0 = Debug|Any CPU
		{E7AEA8F8-9632-4D89-B8D7-C2E5B9640099}.Release|Any CPU.ActiveCfg = Release|Any CPU
		{E7AEA8F8-9632-4D89-B8D7-C2E5B9640099}.Release|Any CPU.Build.0 = Release|Any CPU
		{A3D9A941-F9B8-422C-BC38-0DB86DFCBCCD}.Debug|Any CPU.ActiveCfg = Debug|Any CPU
		{A3D9A941-F9B8-422C-BC38-0DB86DFCBCCD}.Debug|Any CPU.Build.0 = Debug|Any CPU
		{A3D9A941-F9B8-422C-BC38-0DB86DFCBCCD}.Release|Any CPU.ActiveCfg = Release|Any CPU
		{A3D9A941-F9B8-422C-BC38-0DB86DFCBCCD}.Release|Any CPU.Build.0 = Release|Any CPU
	EndGlobalSection
	GlobalSection(SolutionProperties) = preSolution
		HideSolutionNode = FALSE
	EndGlobalSection
	GlobalSection(ExtensibilityGlobals) = postSolution
		SolutionGuid = {377C6850-8A4F-4F74-A148-231114956438}
	EndGlobalSection
EndGlobal
